
Microsoft Visual Studio Solution File, Format Version 12.00
# Visual Studio 15
VisualStudioVersion = 15.0.27703.2035
MinimumVisualStudioVersion = 10.0.40219.1
Project("{FAE04EC0-301F-11D3-BF4B-00C04F79EFBC}") = "SumBiggestNeighbor", "SumBiggestNeighbor\SumBiggestNeighbor.csproj", "{F4BAE6F1-CF17-4C6F-9C11-090E70C5DA0C}"
EndProject
Project("{FAE04EC0-301F-11D3-BF4B-00C04F79EFBC}") = "UserClass", "UserClass\UserClass.csproj", "{FE82F2D4-6ACD-4A9D-A891-B5DB17475298}"
EndProject
Project("{FAE04EC0-301F-11D3-BF4B-00C04F79EFBC}") = "Alexa", "Alexa\Alexa.csproj", "{05D4E256-0DFE-4087-AAC6-5CEE18425759}"
EndProject
Project("{FAE04EC0-301F-11D3-BF4B-00C04F79EFBC}") = "ConstructionGame", "ConstructionGame\ConstructionGame.csproj", "{673019E0-1FE8-431C-84F9-9E81E3DBF6AB}"
EndProject
Global
	GlobalSection(SolutionConfigurationPlatforms) = preSolution
		Debug|Any CPU = Debug|Any CPU
		Release|Any CPU = Release|Any CPU
	EndGlobalSection
	GlobalSection(ProjectConfigurationPlatforms) = postSolution
		{F4BAE6F1-CF17-4C6F-9C11-090E70C5DA0C}.Debug|Any CPU.ActiveCfg = Debug|Any CPU
		{F4BAE6F1-CF17-4C6F-9C11-090E70C5DA0C}.Debug|Any CPU.Build.0 = Debug|Any CPU
		{F4BAE6F1-CF17-4C6F-9C11-090E70C5DA0C}.Release|Any CPU.ActiveCfg = Release|Any CPU
		{F4BAE6F1-CF17-4C6F-9C11-090E70C5DA0C}.Release|Any CPU.Build.0 = Release|Any CPU
		{FE82F2D4-6ACD-4A9D-A891-B5DB17475298}.Debug|Any CPU.ActiveCfg = Debug|Any CPU
		{FE82F2D4-6ACD-4A9D-A891-B5DB17475298}.Debug|Any CPU.Build.0 = Debug|Any CPU
		{FE82F2D4-6ACD-4A9D-A891-B5DB17475298}.Release|Any CPU.ActiveCfg = Release|Any CPU
		{FE82F2D4-6ACD-4A9D-A891-B5DB17475298}.Release|Any CPU.Build.0 = Release|Any CPU
		{05D4E256-0DFE-4087-AAC6-5CEE18425759}.Debug|Any CPU.ActiveCfg = Debug|Any CPU
		{05D4E256-0DFE-4087-AAC6-5CEE18425759}.Debug|Any CPU.Build.0 = Debug|Any CPU
		{05D4E256-0DFE-4087-AAC6-5CEE18425759}.Release|Any CPU.ActiveCfg = Release|Any CPU
		{05D4E256-0DFE-4087-AAC6-5CEE18425759}.Release|Any CPU.Build.0 = Release|Any CPU
		{673019E0-1FE8-431C-84F9-9E81E3DBF6AB}.Debug|Any CPU.ActiveCfg = Debug|Any CPU
		{673019E0-1FE8-431C-84F9-9E81E3DBF6AB}.Debug|Any CPU.Build.0 = Debug|Any CPU
		{673019E0-1FE8-431C-84F9-9E81E3DBF6AB}.Release|Any CPU.ActiveCfg = Release|Any CPU
		{673019E0-1FE8-431C-84F9-9E81E3DBF6AB}.Release|Any CPU.Build.0 = Release|Any CPU
	EndGlobalSection
	GlobalSection(SolutionProperties) = preSolution
		HideSolutionNode = FALSE
	EndGlobalSection
	GlobalSection(ExtensibilityGlobals) = postSolution
		SolutionGuid = {C444844C-7B61-4DD3-AF3E-0CE0F52649F5}
	EndGlobalSection
EndGlobal
